
Microsoft Visual Studio Solution File, Format Version 12.00
# Visual Studio Version 17
VisualStudioVersion = 17.6.33815.320
MinimumVisualStudioVersion = 10.0.40219.1
Project("{9A19103F-16F7-4668-BE54-9A1E7A4F7556}") = "HelloWorld", "HelloWorld\HelloWorld.csproj", "{9764B2CE-D1D2-46BF-B1F8-4C9221493AE9}"
EndProject
Project("{9A19103F-16F7-4668-BE54-9A1E7A4F7556}") = "Lvl3-Breadmaker", "Lvl3-Breadmaker\Lvl3-Breadmaker.csproj", "{816B978C-0186-4B68-BAC8-417F28F1BB98}"
EndProject
Project("{9A19103F-16F7-4668-BE54-9A1E7A4F7556}") = "ThingNamer3000", "ThingNamer3000\ThingNamer3000.csproj", "{6AA3085A-9DB6-47DA-8F33-FF89BCC67415}"
EndProject
Project("{9A19103F-16F7-4668-BE54-9A1E7A4F7556}") = "TheVariableShop", "TheVariableShop\TheVariableShop.csproj", "{A673E4F9-E3A9-4F3F-AC84-FB18FDD84200}"
EndProject
Project("{9A19103F-16F7-4668-BE54-9A1E7A4F7556}") = "TheTriangleFarmer", "TheTriangleFarmer\TheTriangleFarmer.csproj", "{0BDA0B54-A869-4AA1-A0F9-ABC961316037}"
EndProject
Project("{9A19103F-16F7-4668-BE54-9A1E7A4F7556}") = "TheFourSistersAndTheDuckbear", "TheFourSistersAndTheDuckbear\TheFourSistersAndTheDuckbear.csproj", "{424A0569-7BA4-4C3C-863C-055FE40E762F}"
EndProject
Project("{9A19103F-16F7-4668-BE54-9A1E7A4F7556}") = "TheDominionOfKings", "TheDominionOfKings\TheDominionOfKings.csproj", "{9179497B-7FD2-40D1-AEF7-029B0E55502A}"
EndProject
Project("{9A19103F-16F7-4668-BE54-9A1E7A4F7556}") = "MathPractice", "MathPractice\MathPractice.csproj", "{CCB64C50-88D1-48F0-84F5-27ED20362B72}"
EndProject
Project("{9A19103F-16F7-4668-BE54-9A1E7A4F7556}") = "TheDefenseOfConsolas", "TheDefenseOfConsolas\TheDefenseOfConsolas.csproj", "{843B78B0-F55B-44E1-87BF-E62F8AF6FD7A}"
EndProject
Project("{9A19103F-16F7-4668-BE54-9A1E7A4F7556}") = "RepairingTheClocktower", "RepairingTheClocktower\RepairingTheClocktower.csproj", "{C3337594-4AF0-4258-BDD5-116F77183964}"
EndProject
Project("{9A19103F-16F7-4668-BE54-9A1E7A4F7556}") = "Watchtower", "Watchtower\Watchtower.csproj", "{3D73EA84-538A-4028-BAE1-3FA63E46ECE4}"
EndProject
Project("{FAE04EC0-301F-11D3-BF4B-00C04F79EFBC}") = "BuyingInventory", "BuyingInventory\BuyingInventory.csproj", "{E819443F-57D1-4306-8D72-68A2EE6D5D94}"
EndProject
Project("{FAE04EC0-301F-11D3-BF4B-00C04F79EFBC}") = "Discounted Inventory", "Discounted Inventory\Discounted Inventory.csproj", "{EAFB58B1-2EE4-421A-A124-30F262DDFF8B}"
EndProject
Project("{FAE04EC0-301F-11D3-BF4B-00C04F79EFBC}") = "ThePrototype", "ThePrototype\ThePrototype.csproj", "{CE25E288-040F-4473-9CC1-4DA2F3B506E9}"
EndProject
Project("{FAE04EC0-301F-11D3-BF4B-00C04F79EFBC}") = "TheMagicCannon", "TheMagicCannon\TheMagicCannon.csproj", "{0BC11779-C440-4898-8D68-DAA300C38A32}"
EndProject
Global
	GlobalSection(SolutionConfigurationPlatforms) = preSolution
		Debug|Any CPU = Debug|Any CPU
		Release|Any CPU = Release|Any CPU
	EndGlobalSection
	GlobalSection(ProjectConfigurationPlatforms) = postSolution
		{9764B2CE-D1D2-46BF-B1F8-4C9221493AE9}.Debug|Any CPU.ActiveCfg = Debug|Any CPU
		{9764B2CE-D1D2-46BF-B1F8-4C9221493AE9}.Debug|Any CPU.Build.0 = Debug|Any CPU
		{9764B2CE-D1D2-46BF-B1F8-4C9221493AE9}.Release|Any CPU.ActiveCfg = Release|Any CPU
		{9764B2CE-D1D2-46BF-B1F8-4C9221493AE9}.Release|Any CPU.Build.0 = Release|Any CPU
		{816B978C-0186-4B68-BAC8-417F28F1BB98}.Debug|Any CPU.ActiveCfg = Debug|Any CPU
		{816B978C-0186-4B68-BAC8-417F28F1BB98}.Debug|Any CPU.Build.0 = Debug|Any CPU
		{816B978C-0186-4B68-BAC8-417F28F1BB98}.Release|Any CPU.ActiveCfg = Release|Any CPU
		{816B978C-0186-4B68-BAC8-417F28F1BB98}.Release|Any CPU.Build.0 = Release|Any CPU
		{6AA3085A-9DB6-47DA-8F33-FF89BCC67415}.Debug|Any CPU.ActiveCfg = Debug|Any CPU
		{6AA3085A-9DB6-47DA-8F33-FF89BCC67415}.Debug|Any CPU.Build.0 = Debug|Any CPU
		{6AA3085A-9DB6-47DA-8F33-FF89BCC67415}.Release|Any CPU.ActiveCfg = Release|Any CPU
		{6AA3085A-9DB6-47DA-8F33-FF89BCC67415}.Release|Any CPU.Build.0 = Release|Any CPU
		{A673E4F9-E3A9-4F3F-AC84-FB18FDD84200}.Debug|Any CPU.ActiveCfg = Debug|Any CPU
		{A673E4F9-E3A9-4F3F-AC84-FB18FDD84200}.Debug|Any CPU.Build.0 = Debug|Any CPU
		{A673E4F9-E3A9-4F3F-AC84-FB18FDD84200}.Release|Any CPU.ActiveCfg = Release|Any CPU
		{A673E4F9-E3A9-4F3F-AC84-FB18FDD84200}.Release|Any CPU.Build.0 = Release|Any CPU
		{0BDA0B54-A869-4AA1-A0F9-ABC961316037}.Debug|Any CPU.ActiveCfg = Debug|Any CPU
		{0BDA0B54-A869-4AA1-A0F9-ABC961316037}.Debug|Any CPU.Build.0 = Debug|Any CPU
		{0BDA0B54-A869-4AA1-A0F9-ABC961316037}.Release|Any CPU.ActiveCfg = Release|Any CPU
		{0BDA0B54-A869-4AA1-A0F9-ABC961316037}.Release|Any CPU.Build.0 = Release|Any CPU
		{424A0569-7BA4-4C3C-863C-055FE40E762F}.Debug|Any CPU.ActiveCfg = Debug|Any CPU
		{424A0569-7BA4-4C3C-863C-055FE40E762F}.Debug|Any CPU.Build.0 = Debug|Any CPU
		{424A0569-7BA4-4C3C-863C-055FE40E762F}.Release|Any CPU.ActiveCfg = Release|Any CPU
		{424A0569-7BA4-4C3C-863C-055FE40E762F}.Release|Any CPU.Build.0 = Release|Any CPU
		{9179497B-7FD2-40D1-AEF7-029B0E55502A}.Debug|Any CPU.ActiveCfg = Debug|Any CPU
		{9179497B-7FD2-40D1-AEF7-029B0E55502A}.Debug|Any CPU.Build.0 = Debug|Any CPU
		{9179497B-7FD2-40D1-AEF7-029B0E55502A}.Release|Any CPU.ActiveCfg = Release|Any CPU
		{9179497B-7FD2-40D1-AEF7-029B0E55502A}.Release|Any CPU.Build.0 = Release|Any CPU
		{CCB64C50-88D1-48F0-84F5-27ED20362B72}.Debug|Any CPU.ActiveCfg = Debug|Any CPU
		{CCB64C50-88D1-48F0-84F5-27ED20362B72}.Debug|Any CPU.Build.0 = Debug|Any CPU
		{CCB64C50-88D1-48F0-84F5-27ED20362B72}.Release|Any CPU.ActiveCfg = Release|Any CPU
		{CCB64C50-88D1-48F0-84F5-27ED20362B72}.Release|Any CPU.Build.0 = Release|Any CPU
		{843B78B0-F55B-44E1-87BF-E62F8AF6FD7A}.Debug|Any CPU.ActiveCfg = Debug|Any CPU
		{843B78B0-F55B-44E1-87BF-E62F8AF6FD7A}.Debug|Any CPU.Build.0 = Debug|Any CPU
		{843B78B0-F55B-44E1-87BF-E62F8AF6FD7A}.Release|Any CPU.ActiveCfg = Release|Any CPU
		{843B78B0-F55B-44E1-87BF-E62F8AF6FD7A}.Release|Any CPU.Build.0 = Release|Any CPU
		{C3337594-4AF0-4258-BDD5-116F77183964}.Debug|Any CPU.ActiveCfg = Debug|Any CPU
		{C3337594-4AF0-4258-BDD5-116F77183964}.Debug|Any CPU.Build.0 = Debug|Any CPU
		{C3337594-4AF0-4258-BDD5-116F77183964}.Release|Any CPU.ActiveCfg = Release|Any CPU
		{C3337594-4AF0-4258-BDD5-116F77183964}.Release|Any CPU.Build.0 = Release|Any CPU
		{3D73EA84-538A-4028-BAE1-3FA63E46ECE4}.Debug|Any CPU.ActiveCfg = Debug|Any CPU
		{3D73EA84-538A-4028-BAE1-3FA63E46ECE4}.Debug|Any CPU.Build.0 = Debug|Any CPU
		{3D73EA84-538A-4028-BAE1-3FA63E46ECE4}.Release|Any CPU.ActiveCfg = Release|Any CPU
		{3D73EA84-538A-4028-BAE1-3FA63E46ECE4}.Release|Any CPU.Build.0 = Release|Any CPU
		{E819443F-57D1-4306-8D72-68A2EE6D5D94}.Debug|Any CPU.ActiveCfg = Debug|Any CPU
		{E819443F-57D1-4306-8D72-68A2EE6D5D94}.Debug|Any CPU.Build.0 = Debug|Any CPU
		{E819443F-57D1-4306-8D72-68A2EE6D5D94}.Release|Any CPU.ActiveCfg = Release|Any CPU
		{E819443F-57D1-4306-8D72-68A2EE6D5D94}.Release|Any CPU.Build.0 = Release|Any CPU
		{EAFB58B1-2EE4-421A-A124-30F262DDFF8B}.Debug|Any CPU.ActiveCfg = Debug|Any CPU
		{EAFB58B1-2EE4-421A-A124-30F262DDFF8B}.Debug|Any CPU.Build.0 = Debug|Any CPU
		{EAFB58B1-2EE4-421A-A124-30F262DDFF8B}.Release|Any CPU.ActiveCfg = Release|Any CPU
		{EAFB58B1-2EE4-421A-A124-30F262DDFF8B}.Release|Any CPU.Build.0 = Release|Any CPU
		{CE25E288-040F-4473-9CC1-4DA2F3B506E9}.Debug|Any CPU.ActiveCfg = Debug|Any CPU
		{CE25E288-040F-4473-9CC1-4DA2F3B506E9}.Debug|Any CPU.Build.0 = Debug|Any CPU
		{CE25E288-040F-4473-9CC1-4DA2F3B506E9}.Release|Any CPU.ActiveCfg = Release|Any CPU
		{CE25E288-040F-4473-9CC1-4DA2F3B506E9}.Release|Any CPU.Build.0 = Release|Any CPU
		{0BC11779-C440-4898-8D68-DAA300C38A32}.Debug|Any CPU.ActiveCfg = Debug|Any CPU
		{0BC11779-C440-4898-8D68-DAA300C38A32}.Debug|Any CPU.Build.0 = Debug|Any CPU
		{0BC11779-C440-4898-8D68-DAA300C38A32}.Release|Any CPU.ActiveCfg = Release|Any CPU
		{0BC11779-C440-4898-8D68-DAA300C38A32}.Release|Any CPU.Build.0 = Release|Any CPU
	EndGlobalSection
	GlobalSection(SolutionProperties) = preSolution
		HideSolutionNode = FALSE
	EndGlobalSection
	GlobalSection(ExtensibilityGlobals) = postSolution
		SolutionGuid = {FD451C3C-DEEB-4287-BADB-7876ECAF1207}
	EndGlobalSection
EndGlobal
