
Microsoft Visual Studio Solution File, Format Version 12.00
# Visual Studio Version 17
VisualStudioVersion = 17.6.33815.320
MinimumVisualStudioVersion = 10.0.40219.1
Project("{9A19103F-16F7-4668-BE54-9A1E7A4F7556}") = "Ch03-HelloWorld", "HelloWorld\Ch03-HelloWorld.csproj", "{9764B2CE-D1D2-46BF-B1F8-4C9221493AE9}"
EndProject
Project("{9A19103F-16F7-4668-BE54-9A1E7A4F7556}") = "Ch03-ConsolasAndTelim", "Lvl3-Breadmaker\Ch03-ConsolasAndTelim.csproj", "{816B978C-0186-4B68-BAC8-417F28F1BB98}"
EndProject
Project("{9A19103F-16F7-4668-BE54-9A1E7A4F7556}") = "Ch04-Comments-ThingNamer3000", "ThingNamer3000\Ch04-Comments-ThingNamer3000.csproj", "{6AA3085A-9DB6-47DA-8F33-FF89BCC67415}"
EndProject
Project("{9A19103F-16F7-4668-BE54-9A1E7A4F7556}") = "Ch06-TypeSystem-TheVariableShop", "TheVariableShop\Ch06-TypeSystem-TheVariableShop.csproj", "{A673E4F9-E3A9-4F3F-AC84-FB18FDD84200}"
EndProject
Project("{9A19103F-16F7-4668-BE54-9A1E7A4F7556}") = "Ch07-Math-TheTriangleFarmer", "TheTriangleFarmer\Ch07-Math-TheTriangleFarmer.csproj", "{0BDA0B54-A869-4AA1-A0F9-ABC961316037}"
EndProject
Project("{9A19103F-16F7-4668-BE54-9A1E7A4F7556}") = "Ch07-Math-TheFourSistersAndTheDuckbear", "TheFourSistersAndTheDuckbear\Ch07-Math-TheFourSistersAndTheDuckbear.csproj", "{424A0569-7BA4-4C3C-863C-055FE40E762F}"
EndProject
Project("{9A19103F-16F7-4668-BE54-9A1E7A4F7556}") = "Ch07-Math-TheDominionOfKings", "TheDominionOfKings\Ch07-Math-TheDominionOfKings.csproj", "{9179497B-7FD2-40D1-AEF7-029B0E55502A}"
EndProject
Project("{9A19103F-16F7-4668-BE54-9A1E7A4F7556}") = "Ch07-MathPractice", "MathPractice\Ch07-MathPractice.csproj", "{CCB64C50-88D1-48F0-84F5-27ED20362B72}"
EndProject
Project("{9A19103F-16F7-4668-BE54-9A1E7A4F7556}") = "Ch08-Console-TheDefenseOfConsolas", "TheDefenseOfConsolas\Ch08-Console-TheDefenseOfConsolas.csproj", "{843B78B0-F55B-44E1-87BF-E62F8AF6FD7A}"
EndProject
Project("{9A19103F-16F7-4668-BE54-9A1E7A4F7556}") = "Ch09-DecisionMaking-RepairingTheClocktower", "RepairingTheClocktower\Ch09-DecisionMaking-RepairingTheClocktower.csproj", "{C3337594-4AF0-4258-BDD5-116F77183964}"
EndProject
Project("{9A19103F-16F7-4668-BE54-9A1E7A4F7556}") = "Ch09-DecisionMaking-Watchtower", "Watchtower\Ch09-DecisionMaking-Watchtower.csproj", "{3D73EA84-538A-4028-BAE1-3FA63E46ECE4}"
EndProject
Project("{9A19103F-16F7-4668-BE54-9A1E7A4F7556}") = "Ch10-Switches-BuyingInventory", "BuyingInventory\Ch10-Switches-BuyingInventory.csproj", "{E819443F-57D1-4306-8D72-68A2EE6D5D94}"
EndProject
Project("{9A19103F-16F7-4668-BE54-9A1E7A4F7556}") = "Ch10-Switches-Discounted Inventory", "Discounted Inventory\Ch10-Switches-Discounted Inventory.csproj", "{EAFB58B1-2EE4-421A-A124-30F262DDFF8B}"
EndProject
Project("{9A19103F-16F7-4668-BE54-9A1E7A4F7556}") = "Ch11-Looping-ThePrototype", "ThePrototype\Ch11-Looping-ThePrototype.csproj", "{CE25E288-040F-4473-9CC1-4DA2F3B506E9}"
EndProject
Project("{9A19103F-16F7-4668-BE54-9A1E7A4F7556}") = "Ch11-Looping-TheMagicCannon", "TheMagicCannon\Ch11-Looping-TheMagicCannon.csproj", "{0BC11779-C440-4898-8D68-DAA300C38A32}"
EndProject
Project("{9A19103F-16F7-4668-BE54-9A1E7A4F7556}") = "Ch12-Arrays-TheReplicatorOfDTo", "TheReplicatorOfDTo\Ch12-Arrays-TheReplicatorOfDTo.csproj", "{58E42098-527A-423E-9FF3-6B56C7517E6F}"
EndProject
Project("{9A19103F-16F7-4668-BE54-9A1E7A4F7556}") = "Ch12-Arrays-TheLawsOfFreach", "TheLawsOfFreach\Ch12-Arrays-TheLawsOfFreach.csproj", "{A4766286-EF34-4D16-A288-54FC7ECDB82F}"
EndProject
Project("{9A19103F-16F7-4668-BE54-9A1E7A4F7556}") = "Ch13-Methods-TakingANumber", "TakingANumber\Ch13-Methods-TakingANumber.csproj", "{058D7F77-B49A-42BB-8638-D0BD3C9E2D9A}"
EndProject
Project("{9A19103F-16F7-4668-BE54-9A1E7A4F7556}") = "Ch13-Methods-Countdown", "Countdown\Ch13-Methods-Countdown.csproj", "{325AEE24-8174-41E2-AEBF-E9F38CC450E4}"
EndProject
Project("{9A19103F-16F7-4668-BE54-9A1E7A4F7556}") = "Ch14-MemoryManagement-BossBattle-HuntingTheManticore", "BossBattle-HuntingTheManticore\Ch14-MemoryManagement-BossBattle-HuntingTheManticore.csproj", "{A3E4E8A7-EF3D-4474-9525-38A2151A8ED4}"
EndProject
Project("{9A19103F-16F7-4668-BE54-9A1E7A4F7556}") = "Ch16-Enumerations-SimulasTest", "SimulasTest\Ch16-Enumerations-SimulasTest.csproj", "{70D2CB5E-F0E6-4A08-B1D4-7DA4E2FD9306}"
EndProject
Project("{9A19103F-16F7-4668-BE54-9A1E7A4F7556}") = "Ch17-Tuples-SimulasSoup-Tuples", "SimulasSoup-Tuples\Ch17-Tuples-SimulasSoup-Tuples.csproj", "{FA3A6AD6-0409-4FC4-9CD9-64D11E1622A7}"
EndProject
Project("{9A19103F-16F7-4668-BE54-9A1E7A4F7556}") = "Ch18-VinFletchersArrows-Classes", "Ch18-VinFletchersArrows-Classes\Ch18-VinFletchersArrows-Classes.csproj", "{17BB6597-3331-40A4-80E1-60B18D46B804}"
EndProject
Project("{9A19103F-16F7-4668-BE54-9A1E7A4F7556}") = "Ch19-InformationHiding-VinsTrouble", "Ch19-InformationHiding-VinsTrouble\Ch19-InformationHiding-VinsTrouble.csproj", "{D7714278-8051-418E-B324-15657B517714}"
EndProject
Project("{9A19103F-16F7-4668-BE54-9A1E7A4F7556}") = "Ch20-Properties-ThePropertiesOfArrows", "Ch20-Properties-ThePropertiesOfArrows\Ch20-Properties-ThePropertiesOfArrows.csproj", "{ACB6D8F1-B7EB-4B1B-B2B0-D2CBA2481A2D}"
EndProject
Project("{9A19103F-16F7-4668-BE54-9A1E7A4F7556}") = "Ch21-Static-ArrowFactories", "Ch21-Static-ArrowFactories\Ch21-Static-ArrowFactories.csproj", "{657F9879-4B7E-4690-BACF-FA43D8C4A079}"
EndProject
Project("{9A19103F-16F7-4668-BE54-9A1E7A4F7556}") = "Ch24-Classes-ThePoint", "Ch24-Classes-ThePoint\Ch24-Classes-ThePoint.csproj", "{95995452-D363-4746-984A-C3EACCB6778E}"
EndProject
Project("{9A19103F-16F7-4668-BE54-9A1E7A4F7556}") = "Ch24-Classes-TheColor", "Ch24-Classes-TheColor\Ch24-Classes-TheColor.csproj", "{CA5426C2-D456-4222-9BFF-4C4AA4F3CD0C}"
EndProject
Project("{9A19103F-16F7-4668-BE54-9A1E7A4F7556}") = "Ch24-Classes-TheCard", "Ch24-Classes-TheCard\Ch24-Classes-TheCard.csproj", "{CF235719-2EB2-4AB4-A77A-02101742D705}"
EndProject
Project("{9A19103F-16F7-4668-BE54-9A1E7A4F7556}") = "Ch24-Classes-TheLockedDoor", "Ch24-Classes-TheLockedDoor\Ch24-Classes-TheLockedDoor.csproj", "{261CEAE5-61D2-4475-B8C9-374FED6EBE3C}"
EndProject
Project("{9A19103F-16F7-4668-BE54-9A1E7A4F7556}") = "Ch24-Classes-ThePasswordValidator", "Ch24-Classes-ThePasswordValidator\Ch24-Classes-ThePasswordValidator.csproj", "{26DB6BA3-6218-4CB4-B416-2E651750F334}"
EndProject
Project("{FAE04EC0-301F-11D3-BF4B-00C04F79EFBC}") = "Ch24-Classes-RockPaperScissors", "Ch24-Classes-RockPaperScissors\Ch24-Classes-RockPaperScissors.csproj", "{693F3B1F-5E5D-4215-A36B-0D40929DDFDC}"
EndProject
Project("{FAE04EC0-301F-11D3-BF4B-00C04F79EFBC}") = "Ch24-Classes-15Puzzle", "Ch24-Classes-15Puzzle\Ch24-Classes-15Puzzle.csproj", "{F5728F39-0463-46CF-8F6D-891DC54279AC}"
EndProject
Project("{FAE04EC0-301F-11D3-BF4B-00C04F79EFBC}") = "Ch24-Classes-Hangman", "Ch24-Classes-Tic-Tac-Toe\Ch24-Classes-Hangman.csproj", "{0AC0BF6E-0745-4C74-8D75-DF0661A48477}"
EndProject
Project("{FAE04EC0-301F-11D3-BF4B-00C04F79EFBC}") = "Ch24-Classes-TicTacToe", "Ch24-Classes-TicTacToe\Ch24-Classes-TicTacToe.csproj", "{E198EFEF-9D96-4092-9D1B-FD369CF076B8}"
EndProject
Project("{FAE04EC0-301F-11D3-BF4B-00C04F79EFBC}") = "Ch25-Inheritance-PackingInventory", "Ch25-Inheritance-PackingInventory\Ch25-Inheritance-PackingInventory.csproj", "{0EE2C076-2161-4F3E-B061-FF0B7FB44F87}"
EndProject
Project("{FAE04EC0-301F-11D3-BF4B-00C04F79EFBC}") = "Ch26-Polymorphism-LabelingInventory", "Ch25-Polymorphism-LabelingInventory\Ch26-Polymorphism-LabelingInventory.csproj", "{6C797559-1138-4546-B8AC-A11749A6132B}"
EndProject
Project("{FAE04EC0-301F-11D3-BF4B-00C04F79EFBC}") = "Ch26-Polymorphism-TheOldRobot", "Ch26-Polymorphism-TheOldRobot\Ch26-Polymorphism-TheOldRobot.csproj", "{AF5B5C3A-F56D-4B84-A183-39ABE2D5ED71}"
EndProject
Project("{FAE04EC0-301F-11D3-BF4B-00C04F79EFBC}") = "Ch27-Interfaces-RoboticInterface", "Ch27-Interfaces-RoboticInterface\Ch27-Interfaces-RoboticInterface.csproj", "{B4A6314F-94AC-47FB-B130-46D1FB807DF9}"
EndProject
Global
	GlobalSection(SolutionConfigurationPlatforms) = preSolution
		Debug|Any CPU = Debug|Any CPU
		Release|Any CPU = Release|Any CPU
	EndGlobalSection
	GlobalSection(ProjectConfigurationPlatforms) = postSolution
		{9764B2CE-D1D2-46BF-B1F8-4C9221493AE9}.Debug|Any CPU.ActiveCfg = Debug|Any CPU
		{9764B2CE-D1D2-46BF-B1F8-4C9221493AE9}.Debug|Any CPU.Build.0 = Debug|Any CPU
		{9764B2CE-D1D2-46BF-B1F8-4C9221493AE9}.Release|Any CPU.ActiveCfg = Release|Any CPU
		{9764B2CE-D1D2-46BF-B1F8-4C9221493AE9}.Release|Any CPU.Build.0 = Release|Any CPU
		{816B978C-0186-4B68-BAC8-417F28F1BB98}.Debug|Any CPU.ActiveCfg = Debug|Any CPU
		{816B978C-0186-4B68-BAC8-417F28F1BB98}.Debug|Any CPU.Build.0 = Debug|Any CPU
		{816B978C-0186-4B68-BAC8-417F28F1BB98}.Release|Any CPU.ActiveCfg = Release|Any CPU
		{816B978C-0186-4B68-BAC8-417F28F1BB98}.Release|Any CPU.Build.0 = Release|Any CPU
		{6AA3085A-9DB6-47DA-8F33-FF89BCC67415}.Debug|Any CPU.ActiveCfg = Debug|Any CPU
		{6AA3085A-9DB6-47DA-8F33-FF89BCC67415}.Debug|Any CPU.Build.0 = Debug|Any CPU
		{6AA3085A-9DB6-47DA-8F33-FF89BCC67415}.Release|Any CPU.ActiveCfg = Release|Any CPU
		{6AA3085A-9DB6-47DA-8F33-FF89BCC67415}.Release|Any CPU.Build.0 = Release|Any CPU
		{A673E4F9-E3A9-4F3F-AC84-FB18FDD84200}.Debug|Any CPU.ActiveCfg = Debug|Any CPU
		{A673E4F9-E3A9-4F3F-AC84-FB18FDD84200}.Debug|Any CPU.Build.0 = Debug|Any CPU
		{A673E4F9-E3A9-4F3F-AC84-FB18FDD84200}.Release|Any CPU.ActiveCfg = Release|Any CPU
		{A673E4F9-E3A9-4F3F-AC84-FB18FDD84200}.Release|Any CPU.Build.0 = Release|Any CPU
		{0BDA0B54-A869-4AA1-A0F9-ABC961316037}.Debug|Any CPU.ActiveCfg = Debug|Any CPU
		{0BDA0B54-A869-4AA1-A0F9-ABC961316037}.Debug|Any CPU.Build.0 = Debug|Any CPU
		{0BDA0B54-A869-4AA1-A0F9-ABC961316037}.Release|Any CPU.ActiveCfg = Release|Any CPU
		{0BDA0B54-A869-4AA1-A0F9-ABC961316037}.Release|Any CPU.Build.0 = Release|Any CPU
		{424A0569-7BA4-4C3C-863C-055FE40E762F}.Debug|Any CPU.ActiveCfg = Debug|Any CPU
		{424A0569-7BA4-4C3C-863C-055FE40E762F}.Debug|Any CPU.Build.0 = Debug|Any CPU
		{424A0569-7BA4-4C3C-863C-055FE40E762F}.Release|Any CPU.ActiveCfg = Release|Any CPU
		{424A0569-7BA4-4C3C-863C-055FE40E762F}.Release|Any CPU.Build.0 = Release|Any CPU
		{9179497B-7FD2-40D1-AEF7-029B0E55502A}.Debug|Any CPU.ActiveCfg = Debug|Any CPU
		{9179497B-7FD2-40D1-AEF7-029B0E55502A}.Debug|Any CPU.Build.0 = Debug|Any CPU
		{9179497B-7FD2-40D1-AEF7-029B0E55502A}.Release|Any CPU.ActiveCfg = Release|Any CPU
		{9179497B-7FD2-40D1-AEF7-029B0E55502A}.Release|Any CPU.Build.0 = Release|Any CPU
		{CCB64C50-88D1-48F0-84F5-27ED20362B72}.Debug|Any CPU.ActiveCfg = Debug|Any CPU
		{CCB64C50-88D1-48F0-84F5-27ED20362B72}.Debug|Any CPU.Build.0 = Debug|Any CPU
		{CCB64C50-88D1-48F0-84F5-27ED20362B72}.Release|Any CPU.ActiveCfg = Release|Any CPU
		{CCB64C50-88D1-48F0-84F5-27ED20362B72}.Release|Any CPU.Build.0 = Release|Any CPU
		{843B78B0-F55B-44E1-87BF-E62F8AF6FD7A}.Debug|Any CPU.ActiveCfg = Debug|Any CPU
		{843B78B0-F55B-44E1-87BF-E62F8AF6FD7A}.Debug|Any CPU.Build.0 = Debug|Any CPU
		{843B78B0-F55B-44E1-87BF-E62F8AF6FD7A}.Release|Any CPU.ActiveCfg = Release|Any CPU
		{843B78B0-F55B-44E1-87BF-E62F8AF6FD7A}.Release|Any CPU.Build.0 = Release|Any CPU
		{C3337594-4AF0-4258-BDD5-116F77183964}.Debug|Any CPU.ActiveCfg = Debug|Any CPU
		{C3337594-4AF0-4258-BDD5-116F77183964}.Debug|Any CPU.Build.0 = Debug|Any CPU
		{C3337594-4AF0-4258-BDD5-116F77183964}.Release|Any CPU.ActiveCfg = Release|Any CPU
		{C3337594-4AF0-4258-BDD5-116F77183964}.Release|Any CPU.Build.0 = Release|Any CPU
		{3D73EA84-538A-4028-BAE1-3FA63E46ECE4}.Debug|Any CPU.ActiveCfg = Debug|Any CPU
		{3D73EA84-538A-4028-BAE1-3FA63E46ECE4}.Debug|Any CPU.Build.0 = Debug|Any CPU
		{3D73EA84-538A-4028-BAE1-3FA63E46ECE4}.Release|Any CPU.ActiveCfg = Release|Any CPU
		{3D73EA84-538A-4028-BAE1-3FA63E46ECE4}.Release|Any CPU.Build.0 = Release|Any CPU
		{E819443F-57D1-4306-8D72-68A2EE6D5D94}.Debug|Any CPU.ActiveCfg = Debug|Any CPU
		{E819443F-57D1-4306-8D72-68A2EE6D5D94}.Debug|Any CPU.Build.0 = Debug|Any CPU
		{E819443F-57D1-4306-8D72-68A2EE6D5D94}.Release|Any CPU.ActiveCfg = Release|Any CPU
		{E819443F-57D1-4306-8D72-68A2EE6D5D94}.Release|Any CPU.Build.0 = Release|Any CPU
		{EAFB58B1-2EE4-421A-A124-30F262DDFF8B}.Debug|Any CPU.ActiveCfg = Debug|Any CPU
		{EAFB58B1-2EE4-421A-A124-30F262DDFF8B}.Debug|Any CPU.Build.0 = Debug|Any CPU
		{EAFB58B1-2EE4-421A-A124-30F262DDFF8B}.Release|Any CPU.ActiveCfg = Release|Any CPU
		{EAFB58B1-2EE4-421A-A124-30F262DDFF8B}.Release|Any CPU.Build.0 = Release|Any CPU
		{CE25E288-040F-4473-9CC1-4DA2F3B506E9}.Debug|Any CPU.ActiveCfg = Debug|Any CPU
		{CE25E288-040F-4473-9CC1-4DA2F3B506E9}.Debug|Any CPU.Build.0 = Debug|Any CPU
		{CE25E288-040F-4473-9CC1-4DA2F3B506E9}.Release|Any CPU.ActiveCfg = Release|Any CPU
		{CE25E288-040F-4473-9CC1-4DA2F3B506E9}.Release|Any CPU.Build.0 = Release|Any CPU
		{0BC11779-C440-4898-8D68-DAA300C38A32}.Debug|Any CPU.ActiveCfg = Debug|Any CPU
		{0BC11779-C440-4898-8D68-DAA300C38A32}.Debug|Any CPU.Build.0 = Debug|Any CPU
		{0BC11779-C440-4898-8D68-DAA300C38A32}.Release|Any CPU.ActiveCfg = Release|Any CPU
		{0BC11779-C440-4898-8D68-DAA300C38A32}.Release|Any CPU.Build.0 = Release|Any CPU
		{58E42098-527A-423E-9FF3-6B56C7517E6F}.Debug|Any CPU.ActiveCfg = Debug|Any CPU
		{58E42098-527A-423E-9FF3-6B56C7517E6F}.Debug|Any CPU.Build.0 = Debug|Any CPU
		{58E42098-527A-423E-9FF3-6B56C7517E6F}.Release|Any CPU.ActiveCfg = Release|Any CPU
		{58E42098-527A-423E-9FF3-6B56C7517E6F}.Release|Any CPU.Build.0 = Release|Any CPU
		{A4766286-EF34-4D16-A288-54FC7ECDB82F}.Debug|Any CPU.ActiveCfg = Debug|Any CPU
		{A4766286-EF34-4D16-A288-54FC7ECDB82F}.Debug|Any CPU.Build.0 = Debug|Any CPU
		{A4766286-EF34-4D16-A288-54FC7ECDB82F}.Release|Any CPU.ActiveCfg = Release|Any CPU
		{A4766286-EF34-4D16-A288-54FC7ECDB82F}.Release|Any CPU.Build.0 = Release|Any CPU
		{058D7F77-B49A-42BB-8638-D0BD3C9E2D9A}.Debug|Any CPU.ActiveCfg = Debug|Any CPU
		{058D7F77-B49A-42BB-8638-D0BD3C9E2D9A}.Debug|Any CPU.Build.0 = Debug|Any CPU
		{058D7F77-B49A-42BB-8638-D0BD3C9E2D9A}.Release|Any CPU.ActiveCfg = Release|Any CPU
		{058D7F77-B49A-42BB-8638-D0BD3C9E2D9A}.Release|Any CPU.Build.0 = Release|Any CPU
		{325AEE24-8174-41E2-AEBF-E9F38CC450E4}.Debug|Any CPU.ActiveCfg = Debug|Any CPU
		{325AEE24-8174-41E2-AEBF-E9F38CC450E4}.Debug|Any CPU.Build.0 = Debug|Any CPU
		{325AEE24-8174-41E2-AEBF-E9F38CC450E4}.Release|Any CPU.ActiveCfg = Release|Any CPU
		{325AEE24-8174-41E2-AEBF-E9F38CC450E4}.Release|Any CPU.Build.0 = Release|Any CPU
		{A3E4E8A7-EF3D-4474-9525-38A2151A8ED4}.Debug|Any CPU.ActiveCfg = Debug|Any CPU
		{A3E4E8A7-EF3D-4474-9525-38A2151A8ED4}.Debug|Any CPU.Build.0 = Debug|Any CPU
		{A3E4E8A7-EF3D-4474-9525-38A2151A8ED4}.Release|Any CPU.ActiveCfg = Release|Any CPU
		{A3E4E8A7-EF3D-4474-9525-38A2151A8ED4}.Release|Any CPU.Build.0 = Release|Any CPU
		{70D2CB5E-F0E6-4A08-B1D4-7DA4E2FD9306}.Debug|Any CPU.ActiveCfg = Debug|Any CPU
		{70D2CB5E-F0E6-4A08-B1D4-7DA4E2FD9306}.Debug|Any CPU.Build.0 = Debug|Any CPU
		{70D2CB5E-F0E6-4A08-B1D4-7DA4E2FD9306}.Release|Any CPU.ActiveCfg = Release|Any CPU
		{70D2CB5E-F0E6-4A08-B1D4-7DA4E2FD9306}.Release|Any CPU.Build.0 = Release|Any CPU
		{FA3A6AD6-0409-4FC4-9CD9-64D11E1622A7}.Debug|Any CPU.ActiveCfg = Debug|Any CPU
		{FA3A6AD6-0409-4FC4-9CD9-64D11E1622A7}.Debug|Any CPU.Build.0 = Debug|Any CPU
		{FA3A6AD6-0409-4FC4-9CD9-64D11E1622A7}.Release|Any CPU.ActiveCfg = Release|Any CPU
		{FA3A6AD6-0409-4FC4-9CD9-64D11E1622A7}.Release|Any CPU.Build.0 = Release|Any CPU
		{17BB6597-3331-40A4-80E1-60B18D46B804}.Debug|Any CPU.ActiveCfg = Debug|Any CPU
		{17BB6597-3331-40A4-80E1-60B18D46B804}.Debug|Any CPU.Build.0 = Debug|Any CPU
		{17BB6597-3331-40A4-80E1-60B18D46B804}.Release|Any CPU.ActiveCfg = Release|Any CPU
		{17BB6597-3331-40A4-80E1-60B18D46B804}.Release|Any CPU.Build.0 = Release|Any CPU
		{D7714278-8051-418E-B324-15657B517714}.Debug|Any CPU.ActiveCfg = Debug|Any CPU
		{D7714278-8051-418E-B324-15657B517714}.Debug|Any CPU.Build.0 = Debug|Any CPU
		{D7714278-8051-418E-B324-15657B517714}.Release|Any CPU.ActiveCfg = Release|Any CPU
		{D7714278-8051-418E-B324-15657B517714}.Release|Any CPU.Build.0 = Release|Any CPU
		{ACB6D8F1-B7EB-4B1B-B2B0-D2CBA2481A2D}.Debug|Any CPU.ActiveCfg = Debug|Any CPU
		{ACB6D8F1-B7EB-4B1B-B2B0-D2CBA2481A2D}.Debug|Any CPU.Build.0 = Debug|Any CPU
		{ACB6D8F1-B7EB-4B1B-B2B0-D2CBA2481A2D}.Release|Any CPU.ActiveCfg = Release|Any CPU
		{ACB6D8F1-B7EB-4B1B-B2B0-D2CBA2481A2D}.Release|Any CPU.Build.0 = Release|Any CPU
		{657F9879-4B7E-4690-BACF-FA43D8C4A079}.Debug|Any CPU.ActiveCfg = Debug|Any CPU
		{657F9879-4B7E-4690-BACF-FA43D8C4A079}.Debug|Any CPU.Build.0 = Debug|Any CPU
		{657F9879-4B7E-4690-BACF-FA43D8C4A079}.Release|Any CPU.ActiveCfg = Release|Any CPU
		{657F9879-4B7E-4690-BACF-FA43D8C4A079}.Release|Any CPU.Build.0 = Release|Any CPU
		{95995452-D363-4746-984A-C3EACCB6778E}.Debug|Any CPU.ActiveCfg = Debug|Any CPU
		{95995452-D363-4746-984A-C3EACCB6778E}.Debug|Any CPU.Build.0 = Debug|Any CPU
		{95995452-D363-4746-984A-C3EACCB6778E}.Release|Any CPU.ActiveCfg = Release|Any CPU
		{95995452-D363-4746-984A-C3EACCB6778E}.Release|Any CPU.Build.0 = Release|Any CPU
		{CA5426C2-D456-4222-9BFF-4C4AA4F3CD0C}.Debug|Any CPU.ActiveCfg = Debug|Any CPU
		{CA5426C2-D456-4222-9BFF-4C4AA4F3CD0C}.Debug|Any CPU.Build.0 = Debug|Any CPU
		{CA5426C2-D456-4222-9BFF-4C4AA4F3CD0C}.Release|Any CPU.ActiveCfg = Release|Any CPU
		{CA5426C2-D456-4222-9BFF-4C4AA4F3CD0C}.Release|Any CPU.Build.0 = Release|Any CPU
		{CF235719-2EB2-4AB4-A77A-02101742D705}.Debug|Any CPU.ActiveCfg = Debug|Any CPU
		{CF235719-2EB2-4AB4-A77A-02101742D705}.Debug|Any CPU.Build.0 = Debug|Any CPU
		{CF235719-2EB2-4AB4-A77A-02101742D705}.Release|Any CPU.ActiveCfg = Release|Any CPU
		{CF235719-2EB2-4AB4-A77A-02101742D705}.Release|Any CPU.Build.0 = Release|Any CPU
		{261CEAE5-61D2-4475-B8C9-374FED6EBE3C}.Debug|Any CPU.ActiveCfg = Debug|Any CPU
		{261CEAE5-61D2-4475-B8C9-374FED6EBE3C}.Debug|Any CPU.Build.0 = Debug|Any CPU
		{261CEAE5-61D2-4475-B8C9-374FED6EBE3C}.Release|Any CPU.ActiveCfg = Release|Any CPU
		{261CEAE5-61D2-4475-B8C9-374FED6EBE3C}.Release|Any CPU.Build.0 = Release|Any CPU
		{26DB6BA3-6218-4CB4-B416-2E651750F334}.Debug|Any CPU.ActiveCfg = Debug|Any CPU
		{26DB6BA3-6218-4CB4-B416-2E651750F334}.Debug|Any CPU.Build.0 = Debug|Any CPU
		{26DB6BA3-6218-4CB4-B416-2E651750F334}.Release|Any CPU.ActiveCfg = Release|Any CPU
		{26DB6BA3-6218-4CB4-B416-2E651750F334}.Release|Any CPU.Build.0 = Release|Any CPU
		{693F3B1F-5E5D-4215-A36B-0D40929DDFDC}.Debug|Any CPU.ActiveCfg = Debug|Any CPU
		{693F3B1F-5E5D-4215-A36B-0D40929DDFDC}.Debug|Any CPU.Build.0 = Debug|Any CPU
		{693F3B1F-5E5D-4215-A36B-0D40929DDFDC}.Release|Any CPU.ActiveCfg = Release|Any CPU
		{693F3B1F-5E5D-4215-A36B-0D40929DDFDC}.Release|Any CPU.Build.0 = Release|Any CPU
		{F5728F39-0463-46CF-8F6D-891DC54279AC}.Debug|Any CPU.ActiveCfg = Debug|Any CPU
		{F5728F39-0463-46CF-8F6D-891DC54279AC}.Debug|Any CPU.Build.0 = Debug|Any CPU
		{F5728F39-0463-46CF-8F6D-891DC54279AC}.Release|Any CPU.ActiveCfg = Release|Any CPU
		{F5728F39-0463-46CF-8F6D-891DC54279AC}.Release|Any CPU.Build.0 = Release|Any CPU
		{0AC0BF6E-0745-4C74-8D75-DF0661A48477}.Debug|Any CPU.ActiveCfg = Debug|Any CPU
		{0AC0BF6E-0745-4C74-8D75-DF0661A48477}.Debug|Any CPU.Build.0 = Debug|Any CPU
		{0AC0BF6E-0745-4C74-8D75-DF0661A48477}.Release|Any CPU.ActiveCfg = Release|Any CPU
		{0AC0BF6E-0745-4C74-8D75-DF0661A48477}.Release|Any CPU.Build.0 = Release|Any CPU
		{E198EFEF-9D96-4092-9D1B-FD369CF076B8}.Debug|Any CPU.ActiveCfg = Debug|Any CPU
		{E198EFEF-9D96-4092-9D1B-FD369CF076B8}.Debug|Any CPU.Build.0 = Debug|Any CPU
		{E198EFEF-9D96-4092-9D1B-FD369CF076B8}.Release|Any CPU.ActiveCfg = Release|Any CPU
		{E198EFEF-9D96-4092-9D1B-FD369CF076B8}.Release|Any CPU.Build.0 = Release|Any CPU
		{0EE2C076-2161-4F3E-B061-FF0B7FB44F87}.Debug|Any CPU.ActiveCfg = Debug|Any CPU
		{0EE2C076-2161-4F3E-B061-FF0B7FB44F87}.Debug|Any CPU.Build.0 = Debug|Any CPU
		{0EE2C076-2161-4F3E-B061-FF0B7FB44F87}.Release|Any CPU.ActiveCfg = Release|Any CPU
		{0EE2C076-2161-4F3E-B061-FF0B7FB44F87}.Release|Any CPU.Build.0 = Release|Any CPU
		{6C797559-1138-4546-B8AC-A11749A6132B}.Debug|Any CPU.ActiveCfg = Debug|Any CPU
		{6C797559-1138-4546-B8AC-A11749A6132B}.Debug|Any CPU.Build.0 = Debug|Any CPU
		{6C797559-1138-4546-B8AC-A11749A6132B}.Release|Any CPU.ActiveCfg = Release|Any CPU
		{6C797559-1138-4546-B8AC-A11749A6132B}.Release|Any CPU.Build.0 = Release|Any CPU
		{AF5B5C3A-F56D-4B84-A183-39ABE2D5ED71}.Debug|Any CPU.ActiveCfg = Debug|Any CPU
		{AF5B5C3A-F56D-4B84-A183-39ABE2D5ED71}.Debug|Any CPU.Build.0 = Debug|Any CPU
		{AF5B5C3A-F56D-4B84-A183-39ABE2D5ED71}.Release|Any CPU.ActiveCfg = Release|Any CPU
		{AF5B5C3A-F56D-4B84-A183-39ABE2D5ED71}.Release|Any CPU.Build.0 = Release|Any CPU
		{B4A6314F-94AC-47FB-B130-46D1FB807DF9}.Debug|Any CPU.ActiveCfg = Debug|Any CPU
		{B4A6314F-94AC-47FB-B130-46D1FB807DF9}.Debug|Any CPU.Build.0 = Debug|Any CPU
		{B4A6314F-94AC-47FB-B130-46D1FB807DF9}.Release|Any CPU.ActiveCfg = Release|Any CPU
		{B4A6314F-94AC-47FB-B130-46D1FB807DF9}.Release|Any CPU.Build.0 = Release|Any CPU
	EndGlobalSection
	GlobalSection(SolutionProperties) = preSolution
		HideSolutionNode = FALSE
	EndGlobalSection
	GlobalSection(ExtensibilityGlobals) = postSolution
		SolutionGuid = {FD451C3C-DEEB-4287-BADB-7876ECAF1207}
	EndGlobalSection
EndGlobal
